
Microsoft Visual Studio Solution File, Format Version 12.00
# Visual Studio Version 17
VisualStudioVersion = 17.7.34202.233
MinimumVisualStudioVersion = 10.0.40219.1
Project("{FAE04EC0-301F-11D3-BF4B-00C04F79EFBC}") = "ProjProgObiekW67254", "ProjProgObiekW67254\ProjProgObiekW67254.csproj", "{7DD13885-70B0-432F-A81C-4941E51FDE44}"
EndProject
Global
	GlobalSection(SolutionConfigurationPlatforms) = preSolution
		Debug|Any CPU = Debug|Any CPU
		Release|Any CPU = Release|Any CPU
	EndGlobalSection
	GlobalSection(ProjectConfigurationPlatforms) = postSolution
		{7DD13885-70B0-432F-A81C-4941E51FDE44}.Debug|Any CPU.ActiveCfg = Debug|Any CPU
		{7DD13885-70B0-432F-A81C-4941E51FDE44}.Debug|Any CPU.Build.0 = Debug|Any CPU
		{7DD13885-70B0-432F-A81C-4941E51FDE44}.Release|Any CPU.ActiveCfg = Release|Any CPU
		{7DD13885-70B0-432F-A81C-4941E51FDE44}.Release|Any CPU.Build.0 = Release|Any CPU
	EndGlobalSection
	GlobalSection(SolutionProperties) = preSolution
		HideSolutionNode = FALSE
	EndGlobalSection
	GlobalSection(ExtensibilityGlobals) = postSolution
		SolutionGuid = {11153917-587E-40D9-8395-7B9F18CC4AE7}
	EndGlobalSection
EndGlobal
