
Microsoft Visual Studio Solution File, Format Version 12.00
# Visual Studio Version 17
VisualStudioVersion = 17.7.34202.233
MinimumVisualStudioVersion = 10.0.40219.1
Project("{9A19103F-16F7-4668-BE54-9A1E7A4F7556}") = "LAB1", "LAB1\LAB1.csproj", "{8AFBA757-9BAF-4693-AFEA-56FAEFAED475}"
EndProject
Project("{9A19103F-16F7-4668-BE54-9A1E7A4F7556}") = "Lab4", "Lab4\Lab4.csproj", "{63DC0A9C-F93F-4145-8FDB-7F7944AA8B5E}"
EndProject
Project("{9A19103F-16F7-4668-BE54-9A1E7A4F7556}") = "Lab2", "Lab2\Lab2.csproj", "{DD6FC6F1-6E91-4C55-A8C5-071C633E0FC2}"
EndProject
Project("{9A19103F-16F7-4668-BE54-9A1E7A4F7556}") = "Lab2Test", "Lab2Test\Lab2Test.csproj", "{CC13FF99-E092-4588-A23B-42D951E84C23}"
EndProject
Project("{FAE04EC0-301F-11D3-BF4B-00C04F79EFBC}") = "lab5", "lab5\lab5.csproj", "{F678AF08-1800-45F1-9AB3-D7A772E30800}"
EndProject
Project("{9A19103F-16F7-4668-BE54-9A1E7A4F7556}") = "Library", "Library\Library.csproj", "{13465CC9-DF59-4762-A880-CE7AE657B7F1}"
EndProject
Global
	GlobalSection(SolutionConfigurationPlatforms) = preSolution
		Debug|Any CPU = Debug|Any CPU
		Release|Any CPU = Release|Any CPU
	EndGlobalSection
	GlobalSection(ProjectConfigurationPlatforms) = postSolution
		{8AFBA757-9BAF-4693-AFEA-56FAEFAED475}.Debug|Any CPU.ActiveCfg = Debug|Any CPU
		{8AFBA757-9BAF-4693-AFEA-56FAEFAED475}.Debug|Any CPU.Build.0 = Debug|Any CPU
		{8AFBA757-9BAF-4693-AFEA-56FAEFAED475}.Release|Any CPU.ActiveCfg = Release|Any CPU
		{8AFBA757-9BAF-4693-AFEA-56FAEFAED475}.Release|Any CPU.Build.0 = Release|Any CPU
		{63DC0A9C-F93F-4145-8FDB-7F7944AA8B5E}.Debug|Any CPU.ActiveCfg = Debug|Any CPU
		{63DC0A9C-F93F-4145-8FDB-7F7944AA8B5E}.Debug|Any CPU.Build.0 = Debug|Any CPU
		{63DC0A9C-F93F-4145-8FDB-7F7944AA8B5E}.Release|Any CPU.ActiveCfg = Release|Any CPU
		{63DC0A9C-F93F-4145-8FDB-7F7944AA8B5E}.Release|Any CPU.Build.0 = Release|Any CPU
		{DD6FC6F1-6E91-4C55-A8C5-071C633E0FC2}.Debug|Any CPU.ActiveCfg = Debug|Any CPU
		{DD6FC6F1-6E91-4C55-A8C5-071C633E0FC2}.Debug|Any CPU.Build.0 = Debug|Any CPU
		{DD6FC6F1-6E91-4C55-A8C5-071C633E0FC2}.Release|Any CPU.ActiveCfg = Release|Any CPU
		{DD6FC6F1-6E91-4C55-A8C5-071C633E0FC2}.Release|Any CPU.Build.0 = Release|Any CPU
		{CC13FF99-E092-4588-A23B-42D951E84C23}.Debug|Any CPU.ActiveCfg = Debug|Any CPU
		{CC13FF99-E092-4588-A23B-42D951E84C23}.Debug|Any CPU.Build.0 = Debug|Any CPU
		{CC13FF99-E092-4588-A23B-42D951E84C23}.Release|Any CPU.ActiveCfg = Release|Any CPU
		{CC13FF99-E092-4588-A23B-42D951E84C23}.Release|Any CPU.Build.0 = Release|Any CPU
		{F678AF08-1800-45F1-9AB3-D7A772E30800}.Debug|Any CPU.ActiveCfg = Debug|Any CPU
		{F678AF08-1800-45F1-9AB3-D7A772E30800}.Debug|Any CPU.Build.0 = Debug|Any CPU
		{F678AF08-1800-45F1-9AB3-D7A772E30800}.Release|Any CPU.ActiveCfg = Release|Any CPU
		{F678AF08-1800-45F1-9AB3-D7A772E30800}.Release|Any CPU.Build.0 = Release|Any CPU
		{13465CC9-DF59-4762-A880-CE7AE657B7F1}.Debug|Any CPU.ActiveCfg = Debug|Any CPU
		{13465CC9-DF59-4762-A880-CE7AE657B7F1}.Debug|Any CPU.Build.0 = Debug|Any CPU
		{13465CC9-DF59-4762-A880-CE7AE657B7F1}.Release|Any CPU.ActiveCfg = Release|Any CPU
		{13465CC9-DF59-4762-A880-CE7AE657B7F1}.Release|Any CPU.Build.0 = Release|Any CPU
	EndGlobalSection
	GlobalSection(SolutionProperties) = preSolution
		HideSolutionNode = FALSE
	EndGlobalSection
	GlobalSection(ExtensibilityGlobals) = postSolution
		SolutionGuid = {2D8A08CC-AC5F-46EF-9FAF-0C4736019407}
	EndGlobalSection
EndGlobal
